
Microsoft Visual Studio Solution File, Format Version 12.00
# Visual Studio Version 17
VisualStudioVersion = 17.5.33530.505
MinimumVisualStudioVersion = 10.0.40219.1
Project("{FAE04EC0-301F-11D3-BF4B-00C04F79EFBC}") = "TestProject1", "TestProject1\TestProject1.csproj", "{59C6922B-7277-4D06-9C56-1AE175A03AF6}"
EndProject
Global
	GlobalSection(SolutionConfigurationPlatforms) = preSolution
		Debug|Any CPU = Debug|Any CPU
		Release|Any CPU = Release|Any CPU
	EndGlobalSection
	GlobalSection(ProjectConfigurationPlatforms) = postSolution
		{59C6922B-7277-4D06-9C56-1AE175A03AF6}.Debug|Any CPU.ActiveCfg = Debug|Any CPU
		{59C6922B-7277-4D06-9C56-1AE175A03AF6}.Debug|Any CPU.Build.0 = Debug|Any CPU
		{59C6922B-7277-4D06-9C56-1AE175A03AF6}.Release|Any CPU.ActiveCfg = Release|Any CPU
		{59C6922B-7277-4D06-9C56-1AE175A03AF6}.Release|Any CPU.Build.0 = Release|Any CPU
	EndGlobalSection
	GlobalSection(SolutionProperties) = preSolution
		HideSolutionNode = FALSE
	EndGlobalSection
	GlobalSection(ExtensibilityGlobals) = postSolution
		SolutionGuid = {FC020FF5-6E7C-4106-B945-ADDA549E0FB6}
	EndGlobalSection
EndGlobal
